
Microsoft Visual Studio Solution File, Format Version 12.00
# Visual Studio 2013
VisualStudioVersion = 12.0.40629.0
MinimumVisualStudioVersion = 10.0.40219.1
Project("{2150E333-8FDC-42A3-9474-1A3956D46DE8}") = "C++ Examples", "C++ Examples", "{F2FBBA98-5B99-4184-A044-C0F3D5D14546}"
EndProject
Project("{2150E333-8FDC-42A3-9474-1A3956D46DE8}") = "C Examples", "C Examples", "{E8E6A310-4D2D-4275-B3BB-BFFDB35D9A07}"
EndProject
Project("{2150E333-8FDC-42A3-9474-1A3956D46DE8}") = "Testing", "Testing", "{8A81A852-D9A8-4A6D-A6B0-4BF5BB6A6664}"
EndProject
Project("{8BC9CEB8-8B4A-11D0-8D11-00A0C91BC942}") = "liblsl", "liblsl\liblsl.vcxproj", "{06C12A6B-BF5B-413F-94CA-4EAA289ED93B}"
EndProject
Project("{8BC9CEB8-8B4A-11D0-8D11-00A0C91BC942}") = "SendStringMarkersC", "C\SendStringMarkersC\SendStringMarkersC.vcxproj", "{A0F89A32-B8B0-4DF2-9E24-1AA08B55CFD9}"
	ProjectSection(ProjectDependencies) = postProject
		{06C12A6B-BF5B-413F-94CA-4EAA289ED93B} = {06C12A6B-BF5B-413F-94CA-4EAA289ED93B}
	EndProjectSection
EndProject
Project("{8BC9CEB8-8B4A-11D0-8D11-00A0C91BC942}") = "HandleMetaDataC", "C\HandleMetaDataC\HandleMetaDataC.vcxproj", "{82A235F6-4B0D-48CD-BC5A-8C540841FF0D}"
	ProjectSection(ProjectDependencies) = postProject
		{06C12A6B-BF5B-413F-94CA-4EAA289ED93B} = {06C12A6B-BF5B-413F-94CA-4EAA289ED93B}
	EndProjectSection
EndProject
Project("{8BC9CEB8-8B4A-11D0-8D11-00A0C91BC942}") = "ReceiveDataC", "C\ReceiveDataC\ReceiveDataC.vcxproj", "{D3A0FBF6-80BA-4BC2-B85A-24A902A3F992}"
	ProjectSection(ProjectDependencies) = postProject
		{06C12A6B-BF5B-413F-94CA-4EAA289ED93B} = {06C12A6B-BF5B-413F-94CA-4EAA289ED93B}
	EndProjectSection
EndProject
Project("{8BC9CEB8-8B4A-11D0-8D11-00A0C91BC942}") = "SendDataC", "C\SendDataC\SendDataC.vcxproj", "{6BD9734B-700F-4F18-B00B-D3E527E61E6C}"
	ProjectSection(ProjectDependencies) = postProject
		{06C12A6B-BF5B-413F-94CA-4EAA289ED93B} = {06C12A6B-BF5B-413F-94CA-4EAA289ED93B}
	EndProjectSection
EndProject
Project("{8BC9CEB8-8B4A-11D0-8D11-00A0C91BC942}") = "ReceiveStringMarkersC", "C\ReceiveStringMarkersC\ReceiveStringMarkersC.vcxproj", "{E91048AE-37D8-4DEA-8E4B-E60457BEE068}"
	ProjectSection(ProjectDependencies) = postProject
		{06C12A6B-BF5B-413F-94CA-4EAA289ED93B} = {06C12A6B-BF5B-413F-94CA-4EAA289ED93B}
	EndProjectSection
EndProject
Project("{8BC9CEB8-8B4A-11D0-8D11-00A0C91BC942}") = "GetAllStreams", "C++\GetAllStreams\GetAllStreams.vcxproj", "{F4305776-7179-4457-9868-B81B55E4F4F7}"
	ProjectSection(ProjectDependencies) = postProject
		{06C12A6B-BF5B-413F-94CA-4EAA289ED93B} = {06C12A6B-BF5B-413F-94CA-4EAA289ED93B}
	EndProjectSection
EndProject
Project("{8BC9CEB8-8B4A-11D0-8D11-00A0C91BC942}") = "GetFullinfo", "C++\GetFullinfo\GetFullinfo.vcxproj", "{5A7E2CD5-990A-47E8-BBF2-3BABEA10E4DF}"
	ProjectSection(ProjectDependencies) = postProject
		{06C12A6B-BF5B-413F-94CA-4EAA289ED93B} = {06C12A6B-BF5B-413F-94CA-4EAA289ED93B}
	EndProjectSection
EndProject
Project("{8BC9CEB8-8B4A-11D0-8D11-00A0C91BC942}") = "GetTimeCorrection", "C++\GetTimeCorrection\GetTimeCorrection.vcxproj", "{E343C79B-1C7F-4985-9AF2-A5195E56928B}"
	ProjectSection(ProjectDependencies) = postProject
		{06C12A6B-BF5B-413F-94CA-4EAA289ED93B} = {06C12A6B-BF5B-413F-94CA-4EAA289ED93B}
	EndProjectSection
EndProject
Project("{8BC9CEB8-8B4A-11D0-8D11-00A0C91BC942}") = "HandleMetaData", "C++\HandleMetaData\HandleMetaData.vcxproj", "{51B16CF4-6226-4AFA-958D-79AC8F5256CA}"
	ProjectSection(ProjectDependencies) = postProject
		{06C12A6B-BF5B-413F-94CA-4EAA289ED93B} = {06C12A6B-BF5B-413F-94CA-4EAA289ED93B}
	EndProjectSection
EndProject
Project("{8BC9CEB8-8B4A-11D0-8D11-00A0C91BC942}") = "ReceiveData", "C++\ReceiveData\ReceiveData.vcxproj", "{8E6E50E6-DC67-4F04-983E-6CD06A4C4ECA}"
	ProjectSection(ProjectDependencies) = postProject
		{06C12A6B-BF5B-413F-94CA-4EAA289ED93B} = {06C12A6B-BF5B-413F-94CA-4EAA289ED93B}
	EndProjectSection
EndProject
Project("{8BC9CEB8-8B4A-11D0-8D11-00A0C91BC942}") = "ReceiveDataInChunks", "C++\ReceiveDataInChunks\ReceiveDataInChunks.vcxproj", "{E7CFFB13-D057-4D33-ACF5-BECB71F0E6ED}"
	ProjectSection(ProjectDependencies) = postProject
		{06C12A6B-BF5B-413F-94CA-4EAA289ED93B} = {06C12A6B-BF5B-413F-94CA-4EAA289ED93B}
	EndProjectSection
EndProject
Project("{8BC9CEB8-8B4A-11D0-8D11-00A0C91BC942}") = "ReceiveDataSimple", "C++\ReceiveDataSimple\ReceiveDataSimple.vcxproj", "{DF27CF7C-D697-4B11-AB6E-A1E30F742A3C}"
	ProjectSection(ProjectDependencies) = postProject
		{06C12A6B-BF5B-413F-94CA-4EAA289ED93B} = {06C12A6B-BF5B-413F-94CA-4EAA289ED93B}
	EndProjectSection
EndProject
Project("{8BC9CEB8-8B4A-11D0-8D11-00A0C91BC942}") = "ReceiveStringMarkers", "C++\ReceiveStringMarkers\ReceiveStringMarkers.vcxproj", "{6A8CF664-0F18-47BA-9217-4C6187BF7C75}"
	ProjectSection(ProjectDependencies) = postProject
		{06C12A6B-BF5B-413F-94CA-4EAA289ED93B} = {06C12A6B-BF5B-413F-94CA-4EAA289ED93B}
	EndProjectSection
EndProject
Project("{8BC9CEB8-8B4A-11D0-8D11-00A0C91BC942}") = "SendData", "C++\SendData\SendData.vcxproj", "{AF8FEC39-C580-4115-873A-1400FF162198}"
	ProjectSection(ProjectDependencies) = postProject
		{06C12A6B-BF5B-413F-94CA-4EAA289ED93B} = {06C12A6B-BF5B-413F-94CA-4EAA289ED93B}
	EndProjectSection
EndProject
Project("{8BC9CEB8-8B4A-11D0-8D11-00A0C91BC942}") = "SendDataInChunks", "C++\SendDataInChunks\SendDataInChunks.vcxproj", "{CD35A65B-DF2A-43D5-A92F-CCC004E31695}"
	ProjectSection(ProjectDependencies) = postProject
		{06C12A6B-BF5B-413F-94CA-4EAA289ED93B} = {06C12A6B-BF5B-413F-94CA-4EAA289ED93B}
	EndProjectSection
EndProject
Project("{8BC9CEB8-8B4A-11D0-8D11-00A0C91BC942}") = "SendDataSimple", "C++\SendDataSimple\SendDataSimple.vcxproj", "{DEC7B80B-58DB-47DA-AE66-1812BB082B0E}"
	ProjectSection(ProjectDependencies) = postProject
		{06C12A6B-BF5B-413F-94CA-4EAA289ED93B} = {06C12A6B-BF5B-413F-94CA-4EAA289ED93B}
	EndProjectSection
EndProject
Project("{8BC9CEB8-8B4A-11D0-8D11-00A0C91BC942}") = "SendStringMarkers", "C++\SendStringMarkers\SendStringMarkers.vcxproj", "{88EF1F8A-96DB-421B-BCD4-DF2D03D67110}"
	ProjectSection(ProjectDependencies) = postProject
		{06C12A6B-BF5B-413F-94CA-4EAA289ED93B} = {06C12A6B-BF5B-413F-94CA-4EAA289ED93B}
	EndProjectSection
EndProject
Project("{8BC9CEB8-8B4A-11D0-8D11-00A0C91BC942}") = "SpeedTest", "testing\SpeedTest\SpeedTest.vcxproj", "{13976433-8151-4C16-A2D6-5B29E77B932F}"
EndProject
Project("{8BC9CEB8-8B4A-11D0-8D11-00A0C91BC942}") = "StressTest", "testing\StressTest\StressTest.vcxproj", "{3E7C2E18-2728-4FD5-AA37-A9D2F823611C}"
EndProject
Project("{8BC9CEB8-8B4A-11D0-8D11-00A0C91BC942}") = "SyncTest", "testing\SyncTest\SyncTest.vcxproj", "{0607EE81-5039-4054-8486-AD219DDAFDBC}"
EndProject
Global
	GlobalSection(SolutionConfigurationPlatforms) = preSolution
		Debug|Win32 = Debug|Win32
		Debug|x64 = Debug|x64
		Release|Win32 = Release|Win32
		Release|x64 = Release|x64
	EndGlobalSection
	GlobalSection(ProjectConfigurationPlatforms) = postSolution
		{06C12A6B-BF5B-413F-94CA-4EAA289ED93B}.Debug|Win32.ActiveCfg = Debug|Win32
		{06C12A6B-BF5B-413F-94CA-4EAA289ED93B}.Debug|Win32.Build.0 = Debug|Win32
		{06C12A6B-BF5B-413F-94CA-4EAA289ED93B}.Debug|x64.ActiveCfg = Debug|x64
		{06C12A6B-BF5B-413F-94CA-4EAA289ED93B}.Debug|x64.Build.0 = Debug|x64
		{06C12A6B-BF5B-413F-94CA-4EAA289ED93B}.Release|Win32.ActiveCfg = Release|Win32
		{06C12A6B-BF5B-413F-94CA-4EAA289ED93B}.Release|Win32.Build.0 = Release|Win32
		{06C12A6B-BF5B-413F-94CA-4EAA289ED93B}.Release|x64.ActiveCfg = Release|x64
		{06C12A6B-BF5B-413F-94CA-4EAA289ED93B}.Release|x64.Build.0 = Release|x64
		{A0F89A32-B8B0-4DF2-9E24-1AA08B55CFD9}.Debug|Win32.ActiveCfg = Debug|Win32
		{A0F89A32-B8B0-4DF2-9E24-1AA08B55CFD9}.Debug|Win32.Build.0 = Debug|Win32
		{A0F89A32-B8B0-4DF2-9E24-1AA08B55CFD9}.Debug|x64.ActiveCfg = Debug|Win32
		{A0F89A32-B8B0-4DF2-9E24-1AA08B55CFD9}.Release|Win32.ActiveCfg = Release|Win32
		{A0F89A32-B8B0-4DF2-9E24-1AA08B55CFD9}.Release|Win32.Build.0 = Release|Win32
		{A0F89A32-B8B0-4DF2-9E24-1AA08B55CFD9}.Release|x64.ActiveCfg = Release|Win32
		{82A235F6-4B0D-48CD-BC5A-8C540841FF0D}.Debug|Win32.ActiveCfg = Debug|Win32
		{82A235F6-4B0D-48CD-BC5A-8C540841FF0D}.Debug|Win32.Build.0 = Debug|Win32
		{82A235F6-4B0D-48CD-BC5A-8C540841FF0D}.Debug|x64.ActiveCfg = Debug|Win32
		{82A235F6-4B0D-48CD-BC5A-8C540841FF0D}.Release|Win32.ActiveCfg = Release|Win32
		{82A235F6-4B0D-48CD-BC5A-8C540841FF0D}.Release|Win32.Build.0 = Release|Win32
		{82A235F6-4B0D-48CD-BC5A-8C540841FF0D}.Release|x64.ActiveCfg = Release|Win32
		{D3A0FBF6-80BA-4BC2-B85A-24A902A3F992}.Debug|Win32.ActiveCfg = Debug|Win32
		{D3A0FBF6-80BA-4BC2-B85A-24A902A3F992}.Debug|Win32.Build.0 = Debug|Win32
		{D3A0FBF6-80BA-4BC2-B85A-24A902A3F992}.Debug|x64.ActiveCfg = Debug|Win32
		{D3A0FBF6-80BA-4BC2-B85A-24A902A3F992}.Release|Win32.ActiveCfg = Release|Win32
		{D3A0FBF6-80BA-4BC2-B85A-24A902A3F992}.Release|Win32.Build.0 = Release|Win32
		{D3A0FBF6-80BA-4BC2-B85A-24A902A3F992}.Release|x64.ActiveCfg = Release|Win32
		{6BD9734B-700F-4F18-B00B-D3E527E61E6C}.Debug|Win32.ActiveCfg = Debug|Win32
		{6BD9734B-700F-4F18-B00B-D3E527E61E6C}.Debug|Win32.Build.0 = Debug|Win32
		{6BD9734B-700F-4F18-B00B-D3E527E61E6C}.Debug|x64.ActiveCfg = Debug|Win32
		{6BD9734B-700F-4F18-B00B-D3E527E61E6C}.Release|Win32.ActiveCfg = Release|Win32
		{6BD9734B-700F-4F18-B00B-D3E527E61E6C}.Release|Win32.Build.0 = Release|Win32
		{6BD9734B-700F-4F18-B00B-D3E527E61E6C}.Release|x64.ActiveCfg = Release|Win32
		{E91048AE-37D8-4DEA-8E4B-E60457BEE068}.Debug|Win32.ActiveCfg = Debug|Win32
		{E91048AE-37D8-4DEA-8E4B-E60457BEE068}.Debug|Win32.Build.0 = Debug|Win32
		{E91048AE-37D8-4DEA-8E4B-E60457BEE068}.Debug|x64.ActiveCfg = Debug|Win32
		{E91048AE-37D8-4DEA-8E4B-E60457BEE068}.Release|Win32.ActiveCfg = Release|Win32
		{E91048AE-37D8-4DEA-8E4B-E60457BEE068}.Release|Win32.Build.0 = Release|Win32
		{E91048AE-37D8-4DEA-8E4B-E60457BEE068}.Release|x64.ActiveCfg = Release|Win32
		{F4305776-7179-4457-9868-B81B55E4F4F7}.Debug|Win32.ActiveCfg = Debug|Win32
		{F4305776-7179-4457-9868-B81B55E4F4F7}.Debug|Win32.Build.0 = Debug|Win32
		{F4305776-7179-4457-9868-B81B55E4F4F7}.Debug|x64.ActiveCfg = Debug|Win32
		{F4305776-7179-4457-9868-B81B55E4F4F7}.Release|Win32.ActiveCfg = Release|Win32
		{F4305776-7179-4457-9868-B81B55E4F4F7}.Release|Win32.Build.0 = Release|Win32
		{F4305776-7179-4457-9868-B81B55E4F4F7}.Release|x64.ActiveCfg = Release|Win32
		{5A7E2CD5-990A-47E8-BBF2-3BABEA10E4DF}.Debug|Win32.ActiveCfg = Debug|Win32
		{5A7E2CD5-990A-47E8-BBF2-3BABEA10E4DF}.Debug|Win32.Build.0 = Debug|Win32
		{5A7E2CD5-990A-47E8-BBF2-3BABEA10E4DF}.Debug|x64.ActiveCfg = Debug|Win32
		{5A7E2CD5-990A-47E8-BBF2-3BABEA10E4DF}.Release|Win32.ActiveCfg = Release|Win32
		{5A7E2CD5-990A-47E8-BBF2-3BABEA10E4DF}.Release|Win32.Build.0 = Release|Win32
		{5A7E2CD5-990A-47E8-BBF2-3BABEA10E4DF}.Release|x64.ActiveCfg = Release|Win32
		{E343C79B-1C7F-4985-9AF2-A5195E56928B}.Debug|Win32.ActiveCfg = Debug|Win32
		{E343C79B-1C7F-4985-9AF2-A5195E56928B}.Debug|Win32.Build.0 = Debug|Win32
		{E343C79B-1C7F-4985-9AF2-A5195E56928B}.Debug|x64.ActiveCfg = Debug|Win32
		{E343C79B-1C7F-4985-9AF2-A5195E56928B}.Release|Win32.ActiveCfg = Release|Win32
		{E343C79B-1C7F-4985-9AF2-A5195E56928B}.Release|Win32.Build.0 = Release|Win32
		{E343C79B-1C7F-4985-9AF2-A5195E56928B}.Release|x64.ActiveCfg = Release|Win32
		{51B16CF4-6226-4AFA-958D-79AC8F5256CA}.Debug|Win32.ActiveCfg = Debug|Win32
		{51B16CF4-6226-4AFA-958D-79AC8F5256CA}.Debug|Win32.Build.0 = Debug|Win32
		{51B16CF4-6226-4AFA-958D-79AC8F5256CA}.Debug|x64.ActiveCfg = Debug|Win32
		{51B16CF4-6226-4AFA-958D-79AC8F5256CA}.Release|Win32.ActiveCfg = Release|Win32
		{51B16CF4-6226-4AFA-958D-79AC8F5256CA}.Release|Win32.Build.0 = Release|Win32
		{51B16CF4-6226-4AFA-958D-79AC8F5256CA}.Release|x64.ActiveCfg = Release|Win32
		{8E6E50E6-DC67-4F04-983E-6CD06A4C4ECA}.Debug|Win32.ActiveCfg = Debug|Win32
		{8E6E50E6-DC67-4F04-983E-6CD06A4C4ECA}.Debug|Win32.Build.0 = Debug|Win32
		{8E6E50E6-DC67-4F04-983E-6CD06A4C4ECA}.Debug|x64.ActiveCfg = Debug|Win32
		{8E6E50E6-DC67-4F04-983E-6CD06A4C4ECA}.Release|Win32.ActiveCfg = Release|Win32
		{8E6E50E6-DC67-4F04-983E-6CD06A4C4ECA}.Release|Win32.Build.0 = Release|Win32
		{8E6E50E6-DC67-4F04-983E-6CD06A4C4ECA}.Release|x64.ActiveCfg = Release|Win32
		{E7CFFB13-D057-4D33-ACF5-BECB71F0E6ED}.Debug|Win32.ActiveCfg = Debug|Win32
		{E7CFFB13-D057-4D33-ACF5-BECB71F0E6ED}.Debug|Win32.Build.0 = Debug|Win32
		{E7CFFB13-D057-4D33-ACF5-BECB71F0E6ED}.Debug|x64.ActiveCfg = Debug|Win32
		{E7CFFB13-D057-4D33-ACF5-BECB71F0E6ED}.Release|Win32.ActiveCfg = Release|Win32
		{E7CFFB13-D057-4D33-ACF5-BECB71F0E6ED}.Release|Win32.Build.0 = Release|Win32
		{E7CFFB13-D057-4D33-ACF5-BECB71F0E6ED}.Release|x64.ActiveCfg = Release|Win32
		{DF27CF7C-D697-4B11-AB6E-A1E30F742A3C}.Debug|Win32.ActiveCfg = Debug|Win32
		{DF27CF7C-D697-4B11-AB6E-A1E30F742A3C}.Debug|Win32.Build.0 = Debug|Win32
		{DF27CF7C-D697-4B11-AB6E-A1E30F742A3C}.Debug|x64.ActiveCfg = Debug|Win32
		{DF27CF7C-D697-4B11-AB6E-A1E30F742A3C}.Release|Win32.ActiveCfg = Release|Win32
		{DF27CF7C-D697-4B11-AB6E-A1E30F742A3C}.Release|Win32.Build.0 = Release|Win32
		{DF27CF7C-D697-4B11-AB6E-A1E30F742A3C}.Release|x64.ActiveCfg = Release|Win32
		{6A8CF664-0F18-47BA-9217-4C6187BF7C75}.Debug|Win32.ActiveCfg = Debug|Win32
		{6A8CF664-0F18-47BA-9217-4C6187BF7C75}.Debug|Win32.Build.0 = Debug|Win32
		{6A8CF664-0F18-47BA-9217-4C6187BF7C75}.Debug|x64.ActiveCfg = Debug|Win32
		{6A8CF664-0F18-47BA-9217-4C6187BF7C75}.Release|Win32.ActiveCfg = Release|Win32
		{6A8CF664-0F18-47BA-9217-4C6187BF7C75}.Release|Win32.Build.0 = Release|Win32
		{6A8CF664-0F18-47BA-9217-4C6187BF7C75}.Release|x64.ActiveCfg = Release|Win32
		{AF8FEC39-C580-4115-873A-1400FF162198}.Debug|Win32.ActiveCfg = Debug|Win32
		{AF8FEC39-C580-4115-873A-1400FF162198}.Debug|Win32.Build.0 = Debug|Win32
		{AF8FEC39-C580-4115-873A-1400FF162198}.Debug|x64.ActiveCfg = Debug|Win32
		{AF8FEC39-C580-4115-873A-1400FF162198}.Release|Win32.ActiveCfg = Release|Win32
		{AF8FEC39-C580-4115-873A-1400FF162198}.Release|Win32.Build.0 = Release|Win32
		{AF8FEC39-C580-4115-873A-1400FF162198}.Release|x64.ActiveCfg = Release|Win32
		{CD35A65B-DF2A-43D5-A92F-CCC004E31695}.Debug|Win32.ActiveCfg = Debug|Win32
		{CD35A65B-DF2A-43D5-A92F-CCC004E31695}.Debug|Win32.Build.0 = Debug|Win32
		{CD35A65B-DF2A-43D5-A92F-CCC004E31695}.Debug|x64.ActiveCfg = Debug|Win32
		{CD35A65B-DF2A-43D5-A92F-CCC004E31695}.Release|Win32.ActiveCfg = Release|Win32
		{CD35A65B-DF2A-43D5-A92F-CCC004E31695}.Release|Win32.Build.0 = Release|Win32
		{CD35A65B-DF2A-43D5-A92F-CCC004E31695}.Release|x64.ActiveCfg = Release|Win32
		{DEC7B80B-58DB-47DA-AE66-1812BB082B0E}.Debug|Win32.ActiveCfg = Debug|Win32
		{DEC7B80B-58DB-47DA-AE66-1812BB082B0E}.Debug|Win32.Build.0 = Debug|Win32
		{DEC7B80B-58DB-47DA-AE66-1812BB082B0E}.Debug|x64.ActiveCfg = Debug|Win32
		{DEC7B80B-58DB-47DA-AE66-1812BB082B0E}.Release|Win32.ActiveCfg = Release|Win32
		{DEC7B80B-58DB-47DA-AE66-1812BB082B0E}.Release|Win32.Build.0 = Release|Win32
		{DEC7B80B-58DB-47DA-AE66-1812BB082B0E}.Release|x64.ActiveCfg = Release|Win32
		{88EF1F8A-96DB-421B-BCD4-DF2D03D67110}.Debug|Win32.ActiveCfg = Debug|Win32
		{88EF1F8A-96DB-421B-BCD4-DF2D03D67110}.Debug|Win32.Build.0 = Debug|Win32
		{88EF1F8A-96DB-421B-BCD4-DF2D03D67110}.Debug|x64.ActiveCfg = Debug|Win32
		{88EF1F8A-96DB-421B-BCD4-DF2D03D67110}.Release|Win32.ActiveCfg = Release|Win32
		{88EF1F8A-96DB-421B-BCD4-DF2D03D67110}.Release|Win32.Build.0 = Release|Win32
		{88EF1F8A-96DB-421B-BCD4-DF2D03D67110}.Release|x64.ActiveCfg = Release|Win32
		{13976433-8151-4C16-A2D6-5B29E77B932F}.Debug|Win32.ActiveCfg = Debug|Win32
		{13976433-8151-4C16-A2D6-5B29E77B932F}.Debug|Win32.Build.0 = Debug|Win32
		{13976433-8151-4C16-A2D6-5B29E77B932F}.Debug|x64.ActiveCfg = Debug|x64
		{13976433-8151-4C16-A2D6-5B29E77B932F}.Debug|x64.Build.0 = Debug|x64
		{13976433-8151-4C16-A2D6-5B29E77B932F}.Release|Win32.ActiveCfg = Release|Win32
		{13976433-8151-4C16-A2D6-5B29E77B932F}.Release|Win32.Build.0 = Release|Win32
		{13976433-8151-4C16-A2D6-5B29E77B932F}.Release|x64.ActiveCfg = Release|x64
		{13976433-8151-4C16-A2D6-5B29E77B932F}.Release|x64.Build.0 = Release|x64
		{3E7C2E18-2728-4FD5-AA37-A9D2F823611C}.Debug|Win32.ActiveCfg = Debug|Win32
		{3E7C2E18-2728-4FD5-AA37-A9D2F823611C}.Debug|Win32.Build.0 = Debug|Win32
		{3E7C2E18-2728-4FD5-AA37-A9D2F823611C}.Debug|x64.ActiveCfg = Debug|x64
		{3E7C2E18-2728-4FD5-AA37-A9D2F823611C}.Debug|x64.Build.0 = Debug|x64
		{3E7C2E18-2728-4FD5-AA37-A9D2F823611C}.Release|Win32.ActiveCfg = Release|Win32
		{3E7C2E18-2728-4FD5-AA37-A9D2F823611C}.Release|Win32.Build.0 = Release|Win32
		{3E7C2E18-2728-4FD5-AA37-A9D2F823611C}.Release|x64.ActiveCfg = Release|x64
		{3E7C2E18-2728-4FD5-AA37-A9D2F823611C}.Release|x64.Build.0 = Release|x64
		{0607EE81-5039-4054-8486-AD219DDAFDBC}.Debug|Win32.ActiveCfg = Debug|Win32
		{0607EE81-5039-4054-8486-AD219DDAFDBC}.Debug|Win32.Build.0 = Debug|Win32
		{0607EE81-5039-4054-8486-AD219DDAFDBC}.Debug|x64.ActiveCfg = Debug|Win32
		{0607EE81-5039-4054-8486-AD219DDAFDBC}.Release|Win32.ActiveCfg = Release|Win32
		{0607EE81-5039-4054-8486-AD219DDAFDBC}.Release|Win32.Build.0 = Release|Win32
		{0607EE81-5039-4054-8486-AD219DDAFDBC}.Release|x64.ActiveCfg = Release|Win32
	EndGlobalSection
	GlobalSection(SolutionProperties) = preSolution
		HideSolutionNode = FALSE
	EndGlobalSection
	GlobalSection(NestedProjects) = preSolution
		{A0F89A32-B8B0-4DF2-9E24-1AA08B55CFD9} = {E8E6A310-4D2D-4275-B3BB-BFFDB35D9A07}
		{82A235F6-4B0D-48CD-BC5A-8C540841FF0D} = {E8E6A310-4D2D-4275-B3BB-BFFDB35D9A07}
		{D3A0FBF6-80BA-4BC2-B85A-24A902A3F992} = {E8E6A310-4D2D-4275-B3BB-BFFDB35D9A07}
		{6BD9734B-700F-4F18-B00B-D3E527E61E6C} = {E8E6A310-4D2D-4275-B3BB-BFFDB35D9A07}
		{E91048AE-37D8-4DEA-8E4B-E60457BEE068} = {E8E6A310-4D2D-4275-B3BB-BFFDB35D9A07}
		{F4305776-7179-4457-9868-B81B55E4F4F7} = {F2FBBA98-5B99-4184-A044-C0F3D5D14546}
		{5A7E2CD5-990A-47E8-BBF2-3BABEA10E4DF} = {F2FBBA98-5B99-4184-A044-C0F3D5D14546}
		{E343C79B-1C7F-4985-9AF2-A5195E56928B} = {F2FBBA98-5B99-4184-A044-C0F3D5D14546}
		{51B16CF4-6226-4AFA-958D-79AC8F5256CA} = {F2FBBA98-5B99-4184-A044-C0F3D5D14546}
		{8E6E50E6-DC67-4F04-983E-6CD06A4C4ECA} = {F2FBBA98-5B99-4184-A044-C0F3D5D14546}
		{E7CFFB13-D057-4D33-ACF5-BECB71F0E6ED} = {F2FBBA98-5B99-4184-A044-C0F3D5D14546}
		{DF27CF7C-D697-4B11-AB6E-A1E30F742A3C} = {F2FBBA98-5B99-4184-A044-C0F3D5D14546}
		{6A8CF664-0F18-47BA-9217-4C6187BF7C75} = {F2FBBA98-5B99-4184-A044-C0F3D5D14546}
		{AF8FEC39-C580-4115-873A-1400FF162198} = {F2FBBA98-5B99-4184-A044-C0F3D5D14546}
		{CD35A65B-DF2A-43D5-A92F-CCC004E31695} = {F2FBBA98-5B99-4184-A044-C0F3D5D14546}
		{DEC7B80B-58DB-47DA-AE66-1812BB082B0E} = {F2FBBA98-5B99-4184-A044-C0F3D5D14546}
		{88EF1F8A-96DB-421B-BCD4-DF2D03D67110} = {F2FBBA98-5B99-4184-A044-C0F3D5D14546}
		{13976433-8151-4C16-A2D6-5B29E77B932F} = {8A81A852-D9A8-4A6D-A6B0-4BF5BB6A6664}
		{3E7C2E18-2728-4FD5-AA37-A9D2F823611C} = {8A81A852-D9A8-4A6D-A6B0-4BF5BB6A6664}
		{0607EE81-5039-4054-8486-AD219DDAFDBC} = {8A81A852-D9A8-4A6D-A6B0-4BF5BB6A6664}
	EndGlobalSection
EndGlobal
