// !$*UTF8*$!
{
	archiveVersion = 1;
	classes = {
	};
	objectVersion = 50;
	objects = {

/* Begin PBXContainerItemProxy section */
		F554269621B5EC39007C93F1 /* PBXContainerItemProxy */ = {
			isa = PBXContainerItemProxy;
			containerPortal = F554269221B5EC39007C93F1 /* GetAllStreams.xcodeproj */;
			proxyType = 2;
			remoteGlobalIDString = F572E40521B208F200C0D82F;
			remoteInfo = GetAllStreams;
		};
		F55426A021B5EC43007C93F1 /* PBXContainerItemProxy */ = {
			isa = PBXContainerItemProxy;
			containerPortal = F554269C21B5EC43007C93F1 /* GetFullinfo.xcodeproj */;
			proxyType = 2;
			remoteGlobalIDString = F572E40521B208F200C0D82F;
			remoteInfo = GetFullinfo;
		};
		F55426A621B5EC56007C93F1 /* PBXContainerItemProxy */ = {
			isa = PBXContainerItemProxy;
			containerPortal = F55426A221B5EC56007C93F1 /* GetTimeCorrection.xcodeproj */;
			proxyType = 2;
			remoteGlobalIDString = F572E40521B208F200C0D82F;
			remoteInfo = GetTimeCorrection;
		};
		F55426AC21B5EC63007C93F1 /* PBXContainerItemProxy */ = {
			isa = PBXContainerItemProxy;
			containerPortal = F55426A821B5EC63007C93F1 /* ReceiveData.xcodeproj */;
			proxyType = 2;
			remoteGlobalIDString = F572E40521B208F200C0D82F;
			remoteInfo = ReceiveData;
		};
		F55426B221B5EC6D007C93F1 /* PBXContainerItemProxy */ = {
			isa = PBXContainerItemProxy;
			containerPortal = F55426AE21B5EC6D007C93F1 /* ReceiveDataInChunks.xcodeproj */;
			proxyType = 2;
			remoteGlobalIDString = F572E40521B208F200C0D82F;
			remoteInfo = ReceiveDataInChunks;
		};
		F55426B821B5EC75007C93F1 /* PBXContainerItemProxy */ = {
			isa = PBXContainerItemProxy;
			containerPortal = F55426B421B5EC75007C93F1 /* SendData.xcodeproj */;
			proxyType = 2;
			remoteGlobalIDString = F572E40521B208F200C0D82F;
			remoteInfo = SendData;
		};
		F55426BE21B5EC7F007C93F1 /* PBXContainerItemProxy */ = {
			isa = PBXContainerItemProxy;
			containerPortal = F55426BA21B5EC7F007C93F1 /* ReceiveDataSimple.xcodeproj */;
			proxyType = 2;
			remoteGlobalIDString = F572E40521B208F200C0D82F;
			remoteInfo = ReceiveDataSimple;
		};
		F55426C421B5EC90007C93F1 /* PBXContainerItemProxy */ = {
			isa = PBXContainerItemProxy;
			containerPortal = F55426C021B5EC90007C93F1 /* SendDataInChunks.xcodeproj */;
			proxyType = 2;
			remoteGlobalIDString = F572E40521B208F200C0D82F;
			remoteInfo = SendDataInChunks;
		};
		F55426CA21B5ECA1007C93F1 /* PBXContainerItemProxy */ = {
			isa = PBXContainerItemProxy;
			containerPortal = F55426C621B5ECA1007C93F1 /* StressTest.xcodeproj */;
			proxyType = 2;
			remoteGlobalIDString = F572E40521B208F200C0D82F;
			remoteInfo = StressTest;
		};
		F572E3FA21B208AF00C0D82F /* PBXContainerItemProxy */ = {
			isa = PBXContainerItemProxy;
			containerPortal = F572E3F621B208AF00C0D82F /* liblsl.xcodeproj */;
			proxyType = 2;
			remoteGlobalIDString = F5EA8FA021B2080C00DE3C7B;
			remoteInfo = liblsl;
		};
		F5DA928C21B5DFBE00348AC0 /* PBXContainerItemProxy */ = {
			isa = PBXContainerItemProxy;
			containerPortal = F572E3F621B208AF00C0D82F /* liblsl.xcodeproj */;
			proxyType = 2;
			remoteGlobalIDString = F5C0A97721B5DD8A00168AAF;
			remoteInfo = lsl_ios;
		};
		F5E6640A21B5E47E00B96DFE /* PBXContainerItemProxy */ = {
			isa = PBXContainerItemProxy;
			containerPortal = F572E40F21B2091A00C0D82F /* SendStringMarkers.xcodeproj */;
			proxyType = 2;
			remoteGlobalIDString = F572E40521B208F200C0D82F;
			remoteInfo = SendStringMarkers;
		};
		F5E6641021B5E4A300B96DFE /* PBXContainerItemProxy */ = {
			isa = PBXContainerItemProxy;
			containerPortal = F5E6640C21B5E4A300B96DFE /* ReceiveStringMarkers.xcodeproj */;
			proxyType = 2;
			remoteGlobalIDString = F572E40521B208F200C0D82F;
			remoteInfo = ReceiveStringMarkers;
		};
/* End PBXContainerItemProxy section */

/* Begin PBXFileReference section */
		F554269221B5EC39007C93F1 /* GetAllStreams.xcodeproj */ = {isa = PBXFileReference; lastKnownFileType = "wrapper.pb-project"; name = GetAllStreams.xcodeproj; path = GetAllStreams/GetAllStreams.xcodeproj; sourceTree = "<group>"; };
		F554269C21B5EC43007C93F1 /* GetFullinfo.xcodeproj */ = {isa = PBXFileReference; lastKnownFileType = "wrapper.pb-project"; name = GetFullinfo.xcodeproj; path = GetFullinfo/GetFullinfo.xcodeproj; sourceTree = "<group>"; };
		F55426A221B5EC56007C93F1 /* GetTimeCorrection.xcodeproj */ = {isa = PBXFileReference; lastKnownFileType = "wrapper.pb-project"; name = GetTimeCorrection.xcodeproj; path = GetTimeCorrection/GetTimeCorrection.xcodeproj; sourceTree = "<group>"; };
		F55426A821B5EC63007C93F1 /* ReceiveData.xcodeproj */ = {isa = PBXFileReference; lastKnownFileType = "wrapper.pb-project"; name = ReceiveData.xcodeproj; path = ReceiveData/ReceiveData.xcodeproj; sourceTree = "<group>"; };
		F55426AE21B5EC6D007C93F1 /* ReceiveDataInChunks.xcodeproj */ = {isa = PBXFileReference; lastKnownFileType = "wrapper.pb-project"; name = ReceiveDataInChunks.xcodeproj; path = ReceiveDataInChunks/ReceiveDataInChunks.xcodeproj; sourceTree = "<group>"; };
		F55426B421B5EC75007C93F1 /* SendData.xcodeproj */ = {isa = PBXFileReference; lastKnownFileType = "wrapper.pb-project"; name = SendData.xcodeproj; path = SendData/SendData.xcodeproj; sourceTree = "<group>"; };
		F55426BA21B5EC7F007C93F1 /* ReceiveDataSimple.xcodeproj */ = {isa = PBXFileReference; lastKnownFileType = "wrapper.pb-project"; name = ReceiveDataSimple.xcodeproj; path = ReceiveDataSimple/ReceiveDataSimple.xcodeproj; sourceTree = "<group>"; };
		F55426C021B5EC90007C93F1 /* SendDataInChunks.xcodeproj */ = {isa = PBXFileReference; lastKnownFileType = "wrapper.pb-project"; name = SendDataInChunks.xcodeproj; path = SendDataInChunks/SendDataInChunks.xcodeproj; sourceTree = "<group>"; };
		F55426C621B5ECA1007C93F1 /* StressTest.xcodeproj */ = {isa = PBXFileReference; lastKnownFileType = "wrapper.pb-project"; name = StressTest.xcodeproj; path = StressTest/StressTest.xcodeproj; sourceTree = "<group>"; };
		F572E3F621B208AF00C0D82F /* liblsl.xcodeproj */ = {isa = PBXFileReference; lastKnownFileType = "wrapper.pb-project"; name = liblsl.xcodeproj; path = liblsl/liblsl.xcodeproj; sourceTree = "<group>"; };
		F572E40F21B2091A00C0D82F /* SendStringMarkers.xcodeproj */ = {isa = PBXFileReference; lastKnownFileType = "wrapper.pb-project"; name = SendStringMarkers.xcodeproj; path = SendStringMarkers/SendStringMarkers.xcodeproj; sourceTree = SOURCE_ROOT; };
		F5E6640C21B5E4A300B96DFE /* ReceiveStringMarkers.xcodeproj */ = {isa = PBXFileReference; lastKnownFileType = "wrapper.pb-project"; name = ReceiveStringMarkers.xcodeproj; path = ReceiveStringMarkers/ReceiveStringMarkers.xcodeproj; sourceTree = "<group>"; };
/* End PBXFileReference section */

/* Begin PBXGroup section */
		F554269321B5EC39007C93F1 /* Products */ = {
			isa = PBXGroup;
			children = (
				F554269721B5EC39007C93F1 /* GetAllStreams */,
			);
			name = Products;
			sourceTree = "<group>";
		};
		F554269D21B5EC43007C93F1 /* Products */ = {
			isa = PBXGroup;
			children = (
				F55426A121B5EC43007C93F1 /* GetFullinfo */,
			);
			name = Products;
			sourceTree = "<group>";
		};
		F55426A321B5EC56007C93F1 /* Products */ = {
			isa = PBXGroup;
			children = (
				F55426A721B5EC56007C93F1 /* GetTimeCorrection */,
			);
			name = Products;
			sourceTree = "<group>";
		};
		F55426A921B5EC63007C93F1 /* Products */ = {
			isa = PBXGroup;
			children = (
				F55426AD21B5EC63007C93F1 /* ReceiveData */,
			);
			name = Products;
			sourceTree = "<group>";
		};
		F55426AF21B5EC6D007C93F1 /* Products */ = {
			isa = PBXGroup;
			children = (
				F55426B321B5EC6D007C93F1 /* ReceiveDataInChunks */,
			);
			name = Products;
			sourceTree = "<group>";
		};
		F55426B521B5EC75007C93F1 /* Products */ = {
			isa = PBXGroup;
			children = (
				F55426B921B5EC75007C93F1 /* SendData */,
			);
			name = Products;
			sourceTree = "<group>";
		};
		F55426BB21B5EC7F007C93F1 /* Products */ = {
			isa = PBXGroup;
			children = (
				F55426BF21B5EC7F007C93F1 /* ReceiveDataSimple */,
			);
			name = Products;
			sourceTree = "<group>";
		};
		F55426C121B5EC90007C93F1 /* Products */ = {
			isa = PBXGroup;
			children = (
				F55426C521B5EC90007C93F1 /* SendDataInChunks */,
			);
			name = Products;
			sourceTree = "<group>";
		};
		F55426C721B5ECA1007C93F1 /* Products */ = {
			isa = PBXGroup;
			children = (
				F55426CB21B5ECA1007C93F1 /* StressTest */,
			);
			name = Products;
			sourceTree = "<group>";
		};
		F572E3F721B208AF00C0D82F /* Products */ = {
			isa = PBXGroup;
			children = (
				F572E3FB21B208AF00C0D82F /* liblsl64.dylib */,
				F5DA928D21B5DFBE00348AC0 /* liblsl_ios.dylib */,
			);
			name = Products;
			sourceTree = "<group>";
		};
		F5E6640521B5E47D00B96DFE /* Products */ = {
			isa = PBXGroup;
			children = (
				F5E6640B21B5E47E00B96DFE /* SendStringMarkers */,
			);
			name = Products;
			sourceTree = "<group>";
		};
		F5E6640D21B5E4A300B96DFE /* Products */ = {
			isa = PBXGroup;
			children = (
				F5E6641121B5E4A300B96DFE /* ReceiveStringMarkers */,
			);
			name = Products;
			sourceTree = "<group>";
		};
		F5EA8F9021B207C400DE3C7B = {
			isa = PBXGroup;
			children = (
				F55426C621B5ECA1007C93F1 /* StressTest.xcodeproj */,
				F55426C021B5EC90007C93F1 /* SendDataInChunks.xcodeproj */,
				F55426BA21B5EC7F007C93F1 /* ReceiveDataSimple.xcodeproj */,
				F55426B421B5EC75007C93F1 /* SendData.xcodeproj */,
				F55426AE21B5EC6D007C93F1 /* ReceiveDataInChunks.xcodeproj */,
				F55426A821B5EC63007C93F1 /* ReceiveData.xcodeproj */,
				F55426A221B5EC56007C93F1 /* GetTimeCorrection.xcodeproj */,
				F554269C21B5EC43007C93F1 /* GetFullinfo.xcodeproj */,
				F554269221B5EC39007C93F1 /* GetAllStreams.xcodeproj */,
				F5E6640C21B5E4A300B96DFE /* ReceiveStringMarkers.xcodeproj */,
				F572E40F21B2091A00C0D82F /* SendStringMarkers.xcodeproj */,
				F572E3F621B208AF00C0D82F /* liblsl.xcodeproj */,
			);
			sourceTree = "<group>";
		};
/* End PBXGroup section */

/* Begin PBXProject section */
		F5EA8F9121B207C400DE3C7B /* Project object */ = {
			isa = PBXProject;
			attributes = {
				LastUpgradeCheck = 1010;
			};
			buildConfigurationList = F5EA8F9421B207C400DE3C7B /* Build configuration list for PBXProject "Xcode" */;
			compatibilityVersion = "Xcode 9.3";
			developmentRegion = en;
			hasScannedForEncodings = 0;
			knownRegions = (
				en,
			);
			mainGroup = F5EA8F9021B207C400DE3C7B;
			projectDirPath = "";
			projectReferences = (
				{
					ProductGroup = F554269321B5EC39007C93F1 /* Products */;
					ProjectRef = F554269221B5EC39007C93F1 /* GetAllStreams.xcodeproj */;
				},
				{
					ProductGroup = F554269D21B5EC43007C93F1 /* Products */;
					ProjectRef = F554269C21B5EC43007C93F1 /* GetFullinfo.xcodeproj */;
				},
				{
					ProductGroup = F55426A321B5EC56007C93F1 /* Products */;
					ProjectRef = F55426A221B5EC56007C93F1 /* GetTimeCorrection.xcodeproj */;
				},
				{
					ProductGroup = F572E3F721B208AF00C0D82F /* Products */;
					ProjectRef = F572E3F621B208AF00C0D82F /* liblsl.xcodeproj */;
				},
				{
					ProductGroup = F55426A921B5EC63007C93F1 /* Products */;
					ProjectRef = F55426A821B5EC63007C93F1 /* ReceiveData.xcodeproj */;
				},
				{
					ProductGroup = F55426AF21B5EC6D007C93F1 /* Products */;
					ProjectRef = F55426AE21B5EC6D007C93F1 /* ReceiveDataInChunks.xcodeproj */;
				},
				{
					ProductGroup = F55426BB21B5EC7F007C93F1 /* Products */;
					ProjectRef = F55426BA21B5EC7F007C93F1 /* ReceiveDataSimple.xcodeproj */;
				},
				{
					ProductGroup = F5E6640D21B5E4A300B96DFE /* Products */;
					ProjectRef = F5E6640C21B5E4A300B96DFE /* ReceiveStringMarkers.xcodeproj */;
				},
				{
					ProductGroup = F55426B521B5EC75007C93F1 /* Products */;
					ProjectRef = F55426B421B5EC75007C93F1 /* SendData.xcodeproj */;
				},
				{
					ProductGroup = F55426C121B5EC90007C93F1 /* Products */;
					ProjectRef = F55426C021B5EC90007C93F1 /* SendDataInChunks.xcodeproj */;
				},
				{
					ProductGroup = F5E6640521B5E47D00B96DFE /* Products */;
					ProjectRef = F572E40F21B2091A00C0D82F /* SendStringMarkers.xcodeproj */;
				},
				{
					ProductGroup = F55426C721B5ECA1007C93F1 /* Products */;
					ProjectRef = F55426C621B5ECA1007C93F1 /* StressTest.xcodeproj */;
				},
			);
			projectRoot = "";
			targets = (
			);
		};
/* End PBXProject section */

/* Begin PBXReferenceProxy section */
		F554269721B5EC39007C93F1 /* GetAllStreams */ = {
			isa = PBXReferenceProxy;
			fileType = "compiled.mach-o.executable";
			path = GetAllStreams;
			remoteRef = F554269621B5EC39007C93F1 /* PBXContainerItemProxy */;
			sourceTree = BUILT_PRODUCTS_DIR;
		};
		F55426A121B5EC43007C93F1 /* GetFullinfo */ = {
			isa = PBXReferenceProxy;
			fileType = "compiled.mach-o.executable";
			path = GetFullinfo;
			remoteRef = F55426A021B5EC43007C93F1 /* PBXContainerItemProxy */;
			sourceTree = BUILT_PRODUCTS_DIR;
		};
		F55426A721B5EC56007C93F1 /* GetTimeCorrection */ = {
			isa = PBXReferenceProxy;
			fileType = "compiled.mach-o.executable";
			path = GetTimeCorrection;
			remoteRef = F55426A621B5EC56007C93F1 /* PBXContainerItemProxy */;
			sourceTree = BUILT_PRODUCTS_DIR;
		};
		F55426AD21B5EC63007C93F1 /* ReceiveData */ = {
			isa = PBXReferenceProxy;
			fileType = "compiled.mach-o.executable";
			path = ReceiveData;
			remoteRef = F55426AC21B5EC63007C93F1 /* PBXContainerItemProxy */;
			sourceTree = BUILT_PRODUCTS_DIR;
		};
		F55426B321B5EC6D007C93F1 /* ReceiveDataInChunks */ = {
			isa = PBXReferenceProxy;
			fileType = "compiled.mach-o.executable";
			path = ReceiveDataInChunks;
			remoteRef = F55426B221B5EC6D007C93F1 /* PBXContainerItemProxy */;
			sourceTree = BUILT_PRODUCTS_DIR;
		};
		F55426B921B5EC75007C93F1 /* SendData */ = {
			isa = PBXReferenceProxy;
			fileType = "compiled.mach-o.executable";
			path = SendData;
			remoteRef = F55426B821B5EC75007C93F1 /* PBXContainerItemProxy */;
			sourceTree = BUILT_PRODUCTS_DIR;
		};
		F55426BF21B5EC7F007C93F1 /* ReceiveDataSimple */ = {
			isa = PBXReferenceProxy;
			fileType = "compiled.mach-o.executable";
			path = ReceiveDataSimple;
			remoteRef = F55426BE21B5EC7F007C93F1 /* PBXContainerItemProxy */;
			sourceTree = BUILT_PRODUCTS_DIR;
		};
		F55426C521B5EC90007C93F1 /* SendDataInChunks */ = {
			isa = PBXReferenceProxy;
			fileType = "compiled.mach-o.executable";
			path = SendDataInChunks;
			remoteRef = F55426C421B5EC90007C93F1 /* PBXContainerItemProxy */;
			sourceTree = BUILT_PRODUCTS_DIR;
		};
		F55426CB21B5ECA1007C93F1 /* StressTest */ = {
			isa = PBXReferenceProxy;
			fileType = "compiled.mach-o.executable";
			path = StressTest;
			remoteRef = F55426CA21B5ECA1007C93F1 /* PBXContainerItemProxy */;
			sourceTree = BUILT_PRODUCTS_DIR;
		};
		F572E3FB21B208AF00C0D82F /* liblsl64.dylib */ = {
			isa = PBXReferenceProxy;
			fileType = "compiled.mach-o.dylib";
			path = liblsl64.dylib;
			remoteRef = F572E3FA21B208AF00C0D82F /* PBXContainerItemProxy */;
			sourceTree = BUILT_PRODUCTS_DIR;
		};
		F5DA928D21B5DFBE00348AC0 /* liblsl_ios.dylib */ = {
			isa = PBXReferenceProxy;
			fileType = "compiled.mach-o.dylib";
			path = liblsl_ios.dylib;
			remoteRef = F5DA928C21B5DFBE00348AC0 /* PBXContainerItemProxy */;
			sourceTree = BUILT_PRODUCTS_DIR;
		};
		F5E6640B21B5E47E00B96DFE /* SendStringMarkers */ = {
			isa = PBXReferenceProxy;
			fileType = "compiled.mach-o.executable";
			path = SendStringMarkers;
			remoteRef = F5E6640A21B5E47E00B96DFE /* PBXContainerItemProxy */;
			sourceTree = BUILT_PRODUCTS_DIR;
		};
		F5E6641121B5E4A300B96DFE /* ReceiveStringMarkers */ = {
			isa = PBXReferenceProxy;
			fileType = "compiled.mach-o.executable";
			path = ReceiveStringMarkers;
			remoteRef = F5E6641021B5E4A300B96DFE /* PBXContainerItemProxy */;
			sourceTree = BUILT_PRODUCTS_DIR;
		};
/* End PBXReferenceProxy section */

/* Begin XCBuildConfiguration section */
		F5EA8F9521B207C400DE3C7B /* Debug */ = {
			isa = XCBuildConfiguration;
			buildSettings = {
			};
			name = Debug;
		};
		F5EA8F9621B207C400DE3C7B /* Release */ = {
			isa = XCBuildConfiguration;
			buildSettings = {
			};
			name = Release;
		};
/* End XCBuildConfiguration section */

/* Begin XCConfigurationList section */
		F5EA8F9421B207C400DE3C7B /* Build configuration list for PBXProject "Xcode" */ = {
			isa = XCConfigurationList;
			buildConfigurations = (
				F5EA8F9521B207C400DE3C7B /* Debug */,
				F5EA8F9621B207C400DE3C7B /* Release */,
			);
			defaultConfigurationIsVisible = 0;
			defaultConfigurationName = Release;
		};
/* End XCConfigurationList section */
	};
	rootObject = F5EA8F9121B207C400DE3C7B /* Project object */;
}
